
Microsoft Visual Studio Solution File, Format Version 12.00
# Visual Studio Version 17
VisualStudioVersion = 17.14.36414.22
MinimumVisualStudioVersion = 10.0.40219.1
Project("{2150E333-8FDC-42A3-9474-1A3956D46DE8}") = "1. Presentaciones", "1. Presentaciones", "{02EA681E-C7D8-13C7-8484-4AC65E1B71E8}"
EndProject
Project("{2150E333-8FDC-42A3-9474-1A3956D46DE8}") = "2. Servicios", "2. Servicios", "{369CB01D-A1A7-72D2-AABC-3F0945D148A2}"
EndProject
Project("{2150E333-8FDC-42A3-9474-1A3956D46DE8}") = "3. Nucleo", "3. Nucleo", "{7DC331D0-3EC4-40A6-69FB-1CBEB2E0D1EA}"
EndProject
Project("{2150E333-8FDC-42A3-9474-1A3956D46DE8}") = "4. Pruebas unitarias", "4. Pruebas unitarias", "{643747C7-0307-8931-84D8-A7D1915E22E5}"
EndProject
Project("{FAE04EC0-301F-11D3-BF4B-00C04F79EFBC}") = "lib_dominio", "lib_dominio\lib_dominio.csproj", "{57D7E183-4111-425A-989F-2CF74E342187}"
EndProject
Project("{FAE04EC0-301F-11D3-BF4B-00C04F79EFBC}") = "lib_respositorio", "lib_respositorios\lib_respositorio.csproj", "{C2EBC162-67FD-4A9A-995E-0DEA9AFDC3F7}"
EndProject
Project("{FAE04EC0-301F-11D3-BF4B-00C04F79EFBC}") = "ut_presentacion", "ut_presentacion\ut_presentacion.csproj", "{F68FC1DD-F6A7-4B20-9FB6-478884AA628D}"
EndProject
Project("{2150E333-8FDC-42A3-9474-1A3956D46DE8}") = "Elementos de la solución", "Elementos de la solución", "{D107F4C8-89CC-BEA8-D3D7-CA6B7733353D}"
	ProjectSection(SolutionItems) = preProject
		README.md = README.md
		secrets.json = secrets.json
	EndProjectSection
EndProject
Global
	GlobalSection(SolutionConfigurationPlatforms) = preSolution
		Debug|Any CPU = Debug|Any CPU
		Release|Any CPU = Release|Any CPU
	EndGlobalSection
	GlobalSection(ProjectConfigurationPlatforms) = postSolution
		{57D7E183-4111-425A-989F-2CF74E342187}.Debug|Any CPU.ActiveCfg = Debug|Any CPU
		{57D7E183-4111-425A-989F-2CF74E342187}.Debug|Any CPU.Build.0 = Debug|Any CPU
		{57D7E183-4111-425A-989F-2CF74E342187}.Release|Any CPU.ActiveCfg = Release|Any CPU
		{57D7E183-4111-425A-989F-2CF74E342187}.Release|Any CPU.Build.0 = Release|Any CPU
		{C2EBC162-67FD-4A9A-995E-0DEA9AFDC3F7}.Debug|Any CPU.ActiveCfg = Debug|Any CPU
		{C2EBC162-67FD-4A9A-995E-0DEA9AFDC3F7}.Debug|Any CPU.Build.0 = Debug|Any CPU
		{C2EBC162-67FD-4A9A-995E-0DEA9AFDC3F7}.Release|Any CPU.ActiveCfg = Release|Any CPU
		{C2EBC162-67FD-4A9A-995E-0DEA9AFDC3F7}.Release|Any CPU.Build.0 = Release|Any CPU
		{F68FC1DD-F6A7-4B20-9FB6-478884AA628D}.Debug|Any CPU.ActiveCfg = Debug|Any CPU
		{F68FC1DD-F6A7-4B20-9FB6-478884AA628D}.Debug|Any CPU.Build.0 = Debug|Any CPU
		{F68FC1DD-F6A7-4B20-9FB6-478884AA628D}.Release|Any CPU.ActiveCfg = Release|Any CPU
		{F68FC1DD-F6A7-4B20-9FB6-478884AA628D}.Release|Any CPU.Build.0 = Release|Any CPU
	EndGlobalSection
	GlobalSection(SolutionProperties) = preSolution
		HideSolutionNode = FALSE
	EndGlobalSection
	GlobalSection(NestedProjects) = preSolution
		{57D7E183-4111-425A-989F-2CF74E342187} = {7DC331D0-3EC4-40A6-69FB-1CBEB2E0D1EA}
		{C2EBC162-67FD-4A9A-995E-0DEA9AFDC3F7} = {369CB01D-A1A7-72D2-AABC-3F0945D148A2}
		{F68FC1DD-F6A7-4B20-9FB6-478884AA628D} = {643747C7-0307-8931-84D8-A7D1915E22E5}
	EndGlobalSection
	GlobalSection(ExtensibilityGlobals) = postSolution
		SolutionGuid = {97E83574-99C5-4ACE-8004-2C3BC516472A}
	EndGlobalSection
EndGlobal
